
Microsoft Visual Studio Solution File, Format Version 12.00
# Visual Studio Version 16
VisualStudioVersion = 16.0.28917.181
MinimumVisualStudioVersion = 10.0.40219.1
Project("{FAE04EC0-301F-11D3-BF4B-00C04F79EFBC}") = "CurrentAccountService", "CurrentAccountService.csproj", "{96BB7EC4-8ED7-4B76-93C4-3D1A35E0A9BC}"
EndProject
Global
	GlobalSection(SolutionConfigurationPlatforms) = preSolution
		Debug|Any CPU = Debug|Any CPU
		Release|Any CPU = Release|Any CPU
	EndGlobalSection
	GlobalSection(ProjectConfigurationPlatforms) = postSolution
		{96BB7EC4-8ED7-4B76-93C4-3D1A35E0A9BC}.Debug|Any CPU.ActiveCfg = Debug|Any CPU
		{96BB7EC4-8ED7-4B76-93C4-3D1A35E0A9BC}.Debug|Any CPU.Build.0 = Debug|Any CPU
		{96BB7EC4-8ED7-4B76-93C4-3D1A35E0A9BC}.Release|Any CPU.ActiveCfg = Release|Any CPU
		{96BB7EC4-8ED7-4B76-93C4-3D1A35E0A9BC}.Release|Any CPU.Build.0 = Release|Any CPU
	EndGlobalSection
	GlobalSection(SolutionProperties) = preSolution
		HideSolutionNode = FALSE
	EndGlobalSection
	GlobalSection(ExtensibilityGlobals) = postSolution
		SolutionGuid = {32224AAB-DBFE-4E00-BDB2-3B479CDE48E6}
	EndGlobalSection
EndGlobal
